
Microsoft Visual Studio Solution File, Format Version 12.00
# Visual Studio Version 17
VisualStudioVersion = 17.8.34330.188
MinimumVisualStudioVersion = 10.0.40219.1
Project("{FAE04EC0-301F-11D3-BF4B-00C04F79EFBC}") = "Question4", "Question4.csproj", "{D37C66FC-93B9-45E8-90EF-39D6E948EE43}"
EndProject
Global
	GlobalSection(SolutionConfigurationPlatforms) = preSolution
		Debug|Any CPU = Debug|Any CPU
		Release|Any CPU = Release|Any CPU
	EndGlobalSection
	GlobalSection(ProjectConfigurationPlatforms) = postSolution
		{D37C66FC-93B9-45E8-90EF-39D6E948EE43}.Debug|Any CPU.ActiveCfg = Debug|Any CPU
		{D37C66FC-93B9-45E8-90EF-39D6E948EE43}.Debug|Any CPU.Build.0 = Debug|Any CPU
		{D37C66FC-93B9-45E8-90EF-39D6E948EE43}.Release|Any CPU.ActiveCfg = Release|Any CPU
		{D37C66FC-93B9-45E8-90EF-39D6E948EE43}.Release|Any CPU.Build.0 = Release|Any CPU
	EndGlobalSection
	GlobalSection(SolutionProperties) = preSolution
		HideSolutionNode = FALSE
	EndGlobalSection
	GlobalSection(ExtensibilityGlobals) = postSolution
		SolutionGuid = {68B5FDB3-71E9-4D85-B8B5-273826F025D5}
	EndGlobalSection
EndGlobal
